<?xml version="1.0" encoding="utf-8"?>
<Project ToolsVersion="4.0" xmlns="http://schemas.microsoft.com/developer/msbuild/2003">
  <ItemGroup>
    <Filter Include="Source Files">
      <UniqueIdentifier>{4FC737F1-C7A5-4376-A066-2A32D752A2FF}</UniqueIdentifier>
      <Extensions>cpp;c;cc;cxx;def;odl;idl;hpj;bat;asm;asmx</Extensions>
    </Filter>
    <Filter Include="Header Files">
      <UniqueIdentifier>{93995380-89BD-4b04-88EB-625FBE52EBFB}</UniqueIdentifier>
      <Extensions>h;hpp;hxx;hm;inl;inc;xsd</Extensions>
    </Filter>
    <Filter Include="Resource Files">
      <UniqueIdentifier>{67DA6AB6-F800-4c08-8B7A-83BB121AAD01}</UniqueIdentifier>
      <Extensions>rc;ico;cur;bmp;dlg;rc2;rct;bin;rgs;gif;jpg;jpeg;jpe;resx;tiff;tif;png;wav;mfcribbon-ms</Extensions>
    </Filter>
    <Filter Include="Source Files\App">
      <UniqueIdentifier>{ae600e68-b1dd-4af1-8ac5-a38238371f1b}</UniqueIdentifier>
    </Filter>
    <Filter Include="Source Files\Data">
      <UniqueIdentifier>{651f40c2-4a78-4519-831c-379c9712ffc9}</UniqueIdentifier>
    </Filter>
    <Filter Include="Source Files\Command">
      <UniqueIdentifier>{34802cd9-acf4-47da-83fe-9e97e8c15016}</UniqueIdentifier>
    </Filter>
    <Filter Include="Source Files\View">
      <UniqueIdentifier>{28f2ee60-85f5-451a-a9f2-4f09b425a212}</UniqueIdentifier>
    </Filter>
  </ItemGroup>
  <ItemGroup>
    <ClCompile Include="MyAPP.cpp">
      <Filter>Source Files\App</Filter>
    </ClCompile>
    <ClCompile Include="MyUI.cpp">
      <Filter>Source Files\View</Filter>
    </ClCompile>
    <ClCompile Include="CmdAdd.cpp">
      <Filter>Source Files\Command</Filter>
    </ClCompile>
    <ClCompile Include="CmdSort.cpp">
      <Filter>Source Files\Command</Filter>
    </ClCompile>
    <ClCompile Include="CmdClear.cpp">
      <Filter>Source Files\Command</Filter>
    </ClCompile>
    <ClCompile Include="CmdConcatenate.cpp">
      <Filter>Source Files\Command</Filter>
    </ClCompile>
    <ClCompile Include="CmdDel.cpp">
      <Filter>Source Files\Command</Filter>
    </ClCompile>
    <ClCompile Include="CmdPrint.cpp">
      <Filter>Source Files\Command</Filter>
    </ClCompile>
    <ClCompile Include="CmdShowMainMenu.cpp">
      <Filter>Source Files\Command</Filter>
    </ClCompile>
    <ClCompile Include="MyData.cpp">
      <Filter>Source Files\Data</Filter>
    </ClCompile>
    <ClCompile Include="CmdChooseList1.cpp">
      <Filter>Source Files\Command</Filter>
    </ClCompile>
    <ClCompile Include="CmdChooseList2.cpp">
      <Filter>Source Files\Command</Filter>
    </ClCompile>
    <ClCompile Include="main.cpp">
      <Filter>Source Files</Filter>
    </ClCompile>
    <ClCompile Include="ListStructure.cpp">
      <Filter>Source Files\Data</Filter>
    </ClCompile>
    <ClCompile Include="MyCmd.cpp">
      <Filter>Source Files\Command</Filter>
    </ClCompile>
  </ItemGroup>
  <ItemGroup>
    <ClInclude Include="MyData.h">
      <Filter>Source Files\Data</Filter>
    </ClInclude>
    <ClInclude Include="CmdAdd.h">
      <Filter>Header Files</Filter>
    </ClInclude>
    <ClInclude Include="CmdDel.h">
      <Filter>Header Files</Filter>
    </ClInclude>
    <ClInclude Include="CmdConcatenate.h">
      <Filter>Header Files</Filter>
    </ClInclude>
    <ClInclude Include="CmdSort.h">
      <Filter>Header Files</Filter>
    </ClInclude>
    <ClInclude Include="CmdPrint.h">
      <Filter>Header Files</Filter>
    </ClInclude>
    <ClInclude Include="CmdClear.h">
      <Filter>Header Files</Filter>
    </ClInclude>
    <ClInclude Include="CmdShowMainMenu.h">
      <Filter>Header Files</Filter>
    </ClInclude>
    <ClInclude Include="CmdChooseList1.h">
      <Filter>Header Files</Filter>
    </ClInclude>
    <ClInclude Include="CmdChooseList2.h">
      <Filter>Header Files</Filter>
    </ClInclude>
    <ClInclude Include="ListStructure.h">
      <Filter>Source Files\Data</Filter>
    </ClInclude>
    <ClInclude Include="Nodo.h">
      <Filter>Source Files\Data</Filter>
    </ClInclude>
    <ClInclude Include="MyAPP.h">
      <Filter>Source Files\App</Filter>
    </ClInclude>
    <ClInclude Include="MyUI.h">
      <Filter>Source Files\View</Filter>
    </ClInclude>
    <ClInclude Include="MyCmd.h">
      <Filter>Header Files</Filter>
    </ClInclude>
  </ItemGroup>
</Project>