
Microsoft Visual Studio Solution File, Format Version 11.00
# Visual Studio 2010
Project("{8BC9CEB8-8B4A-11D0-8D11-00A0C91BC942}") = "Application", "Application\Application.vcxproj", "{0BF11A17-2E0B-497A-A75D-85664BA97118}"
EndProject
Global
	GlobalSection(SolutionConfigurationPlatforms) = preSolution
		Debug|Win32 = Debug|Win32
		Release|Win32 = Release|Win32
	EndGlobalSection
	GlobalSection(ProjectConfigurationPlatforms) = postSolution
		{0BF11A17-2E0B-497A-A75D-85664BA97118}.Debug|Win32.ActiveCfg = Debug|Win32
		{0BF11A17-2E0B-497A-A75D-85664BA97118}.Debug|Win32.Build.0 = Debug|Win32
		{0BF11A17-2E0B-497A-A75D-85664BA97118}.Release|Win32.ActiveCfg = Release|Win32
		{0BF11A17-2E0B-497A-A75D-85664BA97118}.Release|Win32.Build.0 = Release|Win32
	EndGlobalSection
	GlobalSection(SolutionProperties) = preSolution
		HideSolutionNode = FALSE
	EndGlobalSection
EndGlobal
